
Microsoft Visual Studio Solution File, Format Version 12.00
# Visual Studio Version 17
VisualStudioVersion = 17.5.2.0
MinimumVisualStudioVersion = 10.0.40219.1
Project("{9A19103F-16F7-4668-BE54-9A1E7A4F7556}") = "Backup", "Backup.csproj", "{96A85876-7CF8-4550-A34B-581BFF84C643}"
EndProject
Project("{FAE04EC0-301F-11D3-BF4B-00C04F79EFBC}") = "Backup.Tests", "Backup.Tests\Backup.Tests.csproj", "{7F7255AD-E118-46C9-A0DD-D940EE1D2111}"
EndProject
Project("{FAE04EC0-301F-11D3-BF4B-00C04F79EFBC}") = "Backup.IntegrationTests", "Backup.IntegrationTests\Backup.IntegrationTests.csproj", "{1E5A4187-58E5-467F-B9C2-E96C74E4B842}"
EndProject
Global
	GlobalSection(SolutionConfigurationPlatforms) = preSolution
		Debug|Any CPU = Debug|Any CPU
		Debug|x64 = Debug|x64
		Debug|x86 = Debug|x86
		Release|Any CPU = Release|Any CPU
		Release|x64 = Release|x64
		Release|x86 = Release|x86
	EndGlobalSection
	GlobalSection(ProjectConfigurationPlatforms) = postSolution
		{96A85876-7CF8-4550-A34B-581BFF84C643}.Debug|Any CPU.ActiveCfg = Debug|Any CPU
		{96A85876-7CF8-4550-A34B-581BFF84C643}.Debug|Any CPU.Build.0 = Debug|Any CPU
		{96A85876-7CF8-4550-A34B-581BFF84C643}.Debug|x64.ActiveCfg = Debug|Any CPU
		{96A85876-7CF8-4550-A34B-581BFF84C643}.Debug|x64.Build.0 = Debug|Any CPU
		{96A85876-7CF8-4550-A34B-581BFF84C643}.Debug|x86.ActiveCfg = Debug|Any CPU
		{96A85876-7CF8-4550-A34B-581BFF84C643}.Debug|x86.Build.0 = Debug|Any CPU
		{96A85876-7CF8-4550-A34B-581BFF84C643}.Release|Any CPU.ActiveCfg = Release|Any CPU
		{96A85876-7CF8-4550-A34B-581BFF84C643}.Release|Any CPU.Build.0 = Release|Any CPU
		{96A85876-7CF8-4550-A34B-581BFF84C643}.Release|x64.ActiveCfg = Release|Any CPU
		{96A85876-7CF8-4550-A34B-581BFF84C643}.Release|x64.Build.0 = Release|Any CPU
		{96A85876-7CF8-4550-A34B-581BFF84C643}.Release|x86.ActiveCfg = Release|Any CPU
		{96A85876-7CF8-4550-A34B-581BFF84C643}.Release|x86.Build.0 = Release|Any CPU
		{7F7255AD-E118-46C9-A0DD-D940EE1D2111}.Debug|Any CPU.ActiveCfg = Debug|Any CPU
		{7F7255AD-E118-46C9-A0DD-D940EE1D2111}.Debug|Any CPU.Build.0 = Debug|Any CPU
		{7F7255AD-E118-46C9-A0DD-D940EE1D2111}.Debug|x64.ActiveCfg = Debug|Any CPU
		{7F7255AD-E118-46C9-A0DD-D940EE1D2111}.Debug|x64.Build.0 = Debug|Any CPU
		{7F7255AD-E118-46C9-A0DD-D940EE1D2111}.Debug|x86.ActiveCfg = Debug|Any CPU
		{7F7255AD-E118-46C9-A0DD-D940EE1D2111}.Debug|x86.Build.0 = Debug|Any CPU
		{7F7255AD-E118-46C9-A0DD-D940EE1D2111}.Release|Any CPU.ActiveCfg = Release|Any CPU
		{7F7255AD-E118-46C9-A0DD-D940EE1D2111}.Release|Any CPU.Build.0 = Release|Any CPU
		{7F7255AD-E118-46C9-A0DD-D940EE1D2111}.Release|x64.ActiveCfg = Release|Any CPU
		{7F7255AD-E118-46C9-A0DD-D940EE1D2111}.Release|x64.Build.0 = Release|Any CPU
		{7F7255AD-E118-46C9-A0DD-D940EE1D2111}.Release|x86.ActiveCfg = Release|Any CPU
		{7F7255AD-E118-46C9-A0DD-D940EE1D2111}.Release|x86.Build.0 = Release|Any CPU
		{1E5A4187-58E5-467F-B9C2-E96C74E4B842}.Debug|Any CPU.ActiveCfg = Debug|Any CPU
		{1E5A4187-58E5-467F-B9C2-E96C74E4B842}.Debug|Any CPU.Build.0 = Debug|Any CPU
		{1E5A4187-58E5-467F-B9C2-E96C74E4B842}.Debug|x64.ActiveCfg = Debug|Any CPU
		{1E5A4187-58E5-467F-B9C2-E96C74E4B842}.Debug|x64.Build.0 = Debug|Any CPU
		{1E5A4187-58E5-467F-B9C2-E96C74E4B842}.Debug|x86.ActiveCfg = Debug|Any CPU
		{1E5A4187-58E5-467F-B9C2-E96C74E4B842}.Debug|x86.Build.0 = Debug|Any CPU
		{1E5A4187-58E5-467F-B9C2-E96C74E4B842}.Release|Any CPU.ActiveCfg = Release|Any CPU
		{1E5A4187-58E5-467F-B9C2-E96C74E4B842}.Release|Any CPU.Build.0 = Release|Any CPU
		{1E5A4187-58E5-467F-B9C2-E96C74E4B842}.Release|x64.ActiveCfg = Release|Any CPU
		{1E5A4187-58E5-467F-B9C2-E96C74E4B842}.Release|x64.Build.0 = Release|Any CPU
		{1E5A4187-58E5-467F-B9C2-E96C74E4B842}.Release|x86.ActiveCfg = Release|Any CPU
		{1E5A4187-58E5-467F-B9C2-E96C74E4B842}.Release|x86.Build.0 = Release|Any CPU
	EndGlobalSection
	GlobalSection(SolutionProperties) = preSolution
		HideSolutionNode = FALSE
	EndGlobalSection
	GlobalSection(ExtensibilityGlobals) = postSolution
		SolutionGuid = {86CBD495-C5B5-40B2-A4E6-DF7A8CAEF253}
	EndGlobalSection
EndGlobal
